
Microsoft Visual Studio Solution File, Format Version 10.00
# Visual Studio 2008
Project("{FAE04EC0-301F-11D3-BF4B-00C04F79EFBC}") = "OpenFlowSharp$VS", "OpenFlowSharp\OpenFlowSharp$VS.csproj", "{A8CE55FC-1D12-4DB5-A5F8-836928F7BCD9}"
EndProject
Project("{FAE04EC0-301F-11D3-BF4B-00C04F79EFBC}") = "TestCustom$VS", "TestCustom\TestCustom$VS.csproj", "{18092D41-4A1E-41DD-83DC-B3B8E719D343}"
EndProject
Project("{FAE04EC0-301F-11D3-BF4B-00C04F79EFBC}") = "MonoTouchLib$VS", "D:\iphone_proj\MonoTouchLib\MonoTouchLib\MonoTouchLib$VS.csproj", "{A1E5F4D4-DEF0-4D99-B6F8-D9600228C278}"
EndProject
Global
	GlobalSection(SolutionConfigurationPlatforms) = preSolution
		Debug|iPhone = Debug|iPhone
		Debug|iPhoneSimulator = Debug|iPhoneSimulator
		Release|iPhone = Release|iPhone
		Release|iPhoneSimulator = Release|iPhoneSimulator
	EndGlobalSection
	GlobalSection(ProjectConfigurationPlatforms) = postSolution
		{A8CE55FC-1D12-4DB5-A5F8-836928F7BCD9}.Debug|iPhone.ActiveCfg = Debug|iPhone
		{A8CE55FC-1D12-4DB5-A5F8-836928F7BCD9}.Debug|iPhone.Build.0 = Debug|iPhone
		{A8CE55FC-1D12-4DB5-A5F8-836928F7BCD9}.Debug|iPhoneSimulator.ActiveCfg = Debug|iPhoneSimulator
		{A8CE55FC-1D12-4DB5-A5F8-836928F7BCD9}.Debug|iPhoneSimulator.Build.0 = Debug|iPhoneSimulator
		{A8CE55FC-1D12-4DB5-A5F8-836928F7BCD9}.Release|iPhone.ActiveCfg = Release|iPhone
		{A8CE55FC-1D12-4DB5-A5F8-836928F7BCD9}.Release|iPhone.Build.0 = Release|iPhone
		{A8CE55FC-1D12-4DB5-A5F8-836928F7BCD9}.Release|iPhoneSimulator.ActiveCfg = Release|iPhoneSimulator
		{A8CE55FC-1D12-4DB5-A5F8-836928F7BCD9}.Release|iPhoneSimulator.Build.0 = Release|iPhoneSimulator
		{18092D41-4A1E-41DD-83DC-B3B8E719D343}.Debug|iPhone.ActiveCfg = Debug|iPhone
		{18092D41-4A1E-41DD-83DC-B3B8E719D343}.Debug|iPhone.Build.0 = Debug|iPhone
		{18092D41-4A1E-41DD-83DC-B3B8E719D343}.Debug|iPhoneSimulator.ActiveCfg = Debug|iPhoneSimulator
		{18092D41-4A1E-41DD-83DC-B3B8E719D343}.Debug|iPhoneSimulator.Build.0 = Debug|iPhoneSimulator
		{18092D41-4A1E-41DD-83DC-B3B8E719D343}.Release|iPhone.ActiveCfg = Release|iPhone
		{18092D41-4A1E-41DD-83DC-B3B8E719D343}.Release|iPhone.Build.0 = Release|iPhone
		{18092D41-4A1E-41DD-83DC-B3B8E719D343}.Release|iPhoneSimulator.ActiveCfg = Release|iPhoneSimulator
		{18092D41-4A1E-41DD-83DC-B3B8E719D343}.Release|iPhoneSimulator.Build.0 = Release|iPhoneSimulator
		{A1E5F4D4-DEF0-4D99-B6F8-D9600228C278}.Debug|iPhone.ActiveCfg = Debug|iPhone
		{A1E5F4D4-DEF0-4D99-B6F8-D9600228C278}.Debug|iPhone.Build.0 = Debug|iPhone
		{A1E5F4D4-DEF0-4D99-B6F8-D9600228C278}.Debug|iPhoneSimulator.ActiveCfg = Debug|iPhoneSimulator
		{A1E5F4D4-DEF0-4D99-B6F8-D9600228C278}.Debug|iPhoneSimulator.Build.0 = Debug|iPhoneSimulator
		{A1E5F4D4-DEF0-4D99-B6F8-D9600228C278}.Release|iPhone.ActiveCfg = Release|iPhone
		{A1E5F4D4-DEF0-4D99-B6F8-D9600228C278}.Release|iPhone.Build.0 = Release|iPhone
		{A1E5F4D4-DEF0-4D99-B6F8-D9600228C278}.Release|iPhoneSimulator.ActiveCfg = Release|iPhoneSimulator
		{A1E5F4D4-DEF0-4D99-B6F8-D9600228C278}.Release|iPhoneSimulator.Build.0 = Release|iPhoneSimulator
	EndGlobalSection
	GlobalSection(SolutionProperties) = preSolution
		HideSolutionNode = FALSE
	EndGlobalSection
	GlobalSection(MonoDevelopProperties) = preSolution
		StartupItem = TestCustom\TestCustom$VS.csproj
	EndGlobalSection
EndGlobal
